{
  "dependencies": {
    "aws-sdk": {
      "version": "2.0.23",
      "dependencies": {
        "xml2js": {
          "version": "0.2.6",
          "dependencies": {
            "sax": {
              "version": "0.4.2"
            }
          }
        },
        "xmlbuilder": {
          "version": "0.4.2"
        }
      }
    }
  }
}
