{
  "lockfileVersion": 1,
  "dependencies": {
    "html-truncate": {
      "version": "1.2.1",
      "resolved": "https://registry.npmjs.org/html-truncate/-/html-truncate-1.2.1.tgz",
      "integrity": "sha512-88SUQvuNy7c25Fq+f9vrxw2SBPvTTn+4N8vG/0tqgN7aOhb8hbPODzlNrgAMXJ1jaTqfoF85aDIl6CJx6DpEcQ=="
    }
  }
}
